
Microsoft Visual Studio Solution File, Format Version 12.00
# Visual Studio Version 17
VisualStudioVersion = 17.14.36327.8 d17.14
MinimumVisualStudioVersion = 10.0.40219.1
Project("{FAE04EC0-301F-11D3-BF4B-00C04F79EFBC}") = "Inheritance&MethodOverriding", "Inheritance&MethodOverriding.csproj", "{4696410F-1DB8-4E73-8E40-0D8B711AE45D}"
EndProject
Global
	GlobalSection(SolutionConfigurationPlatforms) = preSolution
		Debug|Any CPU = Debug|Any CPU
		Release|Any CPU = Release|Any CPU
	EndGlobalSection
	GlobalSection(ProjectConfigurationPlatforms) = postSolution
		{4696410F-1DB8-4E73-8E40-0D8B711AE45D}.Debug|Any CPU.ActiveCfg = Debug|Any CPU
		{4696410F-1DB8-4E73-8E40-0D8B711AE45D}.Debug|Any CPU.Build.0 = Debug|Any CPU
		{4696410F-1DB8-4E73-8E40-0D8B711AE45D}.Release|Any CPU.ActiveCfg = Release|Any CPU
		{4696410F-1DB8-4E73-8E40-0D8B711AE45D}.Release|Any CPU.Build.0 = Release|Any CPU
	EndGlobalSection
	GlobalSection(SolutionProperties) = preSolution
		HideSolutionNode = FALSE
	EndGlobalSection
	GlobalSection(ExtensibilityGlobals) = postSolution
		SolutionGuid = {4F65BEA5-4EE6-4697-8DD4-B48B1D0AC15E}
	EndGlobalSection
EndGlobal
